// !$*UTF8*$!
{
	archiveVersion = 1;
	classes = {
	};
	objectVersion = 50;
	objects = {

/* Begin PBXBuildFile section */
		42CD8C90235F748000134C95 /* PlayersModel.swift in Sources */ = {isa = PBXBuildFile; fileRef = 42CD8C8F235F748000134C95 /* PlayersModel.swift */; };
		42CD8C92235F756F00134C95 /* NetworkService.swift in Sources */ = {isa = PBXBuildFile; fileRef = 42CD8C91235F756F00134C95 /* NetworkService.swift */; };
		42CD8C94235F7BFA00134C95 /* NetworkPlayersFetcher.swift in Sources */ = {isa = PBXBuildFile; fileRef = 42CD8C93235F7BFA00134C95 /* NetworkPlayersFetcher.swift */; };
		42D3FBEE2360CDFC004A3EE1 /* PlayerDetailTableViewController.swift in Sources */ = {isa = PBXBuildFile; fileRef = 42D3FBED2360CDFC004A3EE1 /* PlayerDetailTableViewController.swift */; };
		42D468B623578EBE002857C1 /* AppDelegate.swift in Sources */ = {isa = PBXBuildFile; fileRef = 42D468B523578EBE002857C1 /* AppDelegate.swift */; };
		42D468B823578EBE002857C1 /* SceneDelegate.swift in Sources */ = {isa = PBXBuildFile; fileRef = 42D468B723578EBE002857C1 /* SceneDelegate.swift */; };
		42D468BA23578EBE002857C1 /* ViewController.swift in Sources */ = {isa = PBXBuildFile; fileRef = 42D468B923578EBE002857C1 /* ViewController.swift */; };
		42D468BD23578EBE002857C1 /* Main.storyboard in Resources */ = {isa = PBXBuildFile; fileRef = 42D468BB23578EBE002857C1 /* Main.storyboard */; };
		42D468BF23578EC0002857C1 /* Assets.xcassets in Resources */ = {isa = PBXBuildFile; fileRef = 42D468BE23578EC0002857C1 /* Assets.xcassets */; };
		42D468C223578EC0002857C1 /* LaunchScreen.storyboard in Resources */ = {isa = PBXBuildFile; fileRef = 42D468C023578EC0002857C1 /* LaunchScreen.storyboard */; };
		42DAD2C22368BAB0002AE877 /* NewsModel.swift in Sources */ = {isa = PBXBuildFile; fileRef = 42DAD2C12368BAB0002AE877 /* NewsModel.swift */; };
		42DAD2C42368C14C002AE877 /* NewsViewController.swift in Sources */ = {isa = PBXBuildFile; fileRef = 42DAD2C32368C14C002AE877 /* NewsViewController.swift */; };
		42DAD2C62368C448002AE877 /* NetworkNewsFetcher.swift in Sources */ = {isa = PBXBuildFile; fileRef = 42DAD2C52368C448002AE877 /* NetworkNewsFetcher.swift */; };
		42F1FF59236A269D00E20845 /* NewsFeedTableViewCell.swift in Sources */ = {isa = PBXBuildFile; fileRef = 42F1FF58236A269D00E20845 /* NewsFeedTableViewCell.swift */; };
		7B6549A327469247E08B297F /* Pods_AnimateTest.framework in Frameworks */ = {isa = PBXBuildFile; fileRef = 101C34AA762419ECFAA59AC8 /* Pods_AnimateTest.framework */; };
/* End PBXBuildFile section */

/* Begin PBXFileReference section */
		101C34AA762419ECFAA59AC8 /* Pods_AnimateTest.framework */ = {isa = PBXFileReference; explicitFileType = wrapper.framework; includeInIndex = 0; path = Pods_AnimateTest.framework; sourceTree = BUILT_PRODUCTS_DIR; };
		42CD8C8F235F748000134C95 /* PlayersModel.swift */ = {isa = PBXFileReference; lastKnownFileType = sourcecode.swift; path = PlayersModel.swift; sourceTree = "<group>"; };
		42CD8C91235F756F00134C95 /* NetworkService.swift */ = {isa = PBXFileReference; lastKnownFileType = sourcecode.swift; path = NetworkService.swift; sourceTree = "<group>"; };
		42CD8C93235F7BFA00134C95 /* NetworkPlayersFetcher.swift */ = {isa = PBXFileReference; lastKnownFileType = sourcecode.swift; path = NetworkPlayersFetcher.swift; sourceTree = "<group>"; };
		42D3FBED2360CDFC004A3EE1 /* PlayerDetailTableViewController.swift */ = {isa = PBXFileReference; lastKnownFileType = sourcecode.swift; path = PlayerDetailTableViewController.swift; sourceTree = "<group>"; };
		42D468B223578EBE002857C1 /* AnimateTest.app */ = {isa = PBXFileReference; explicitFileType = wrapper.application; includeInIndex = 0; path = AnimateTest.app; sourceTree = BUILT_PRODUCTS_DIR; };
		42D468B523578EBE002857C1 /* AppDelegate.swift */ = {isa = PBXFileReference; lastKnownFileType = sourcecode.swift; path = AppDelegate.swift; sourceTree = "<group>"; };
		42D468B723578EBE002857C1 /* SceneDelegate.swift */ = {isa = PBXFileReference; lastKnownFileType = sourcecode.swift; path = SceneDelegate.swift; sourceTree = "<group>"; };
		42D468B923578EBE002857C1 /* ViewController.swift */ = {isa = PBXFileReference; lastKnownFileType = sourcecode.swift; path = ViewController.swift; sourceTree = "<group>"; };
		42D468BC23578EBE002857C1 /* Base */ = {isa = PBXFileReference; lastKnownFileType = file.storyboard; name = Base; path = Base.lproj/Main.storyboard; sourceTree = "<group>"; };
		42D468BE23578EC0002857C1 /* Assets.xcassets */ = {isa = PBXFileReference; lastKnownFileType = folder.assetcatalog; path = Assets.xcassets; sourceTree = "<group>"; };
		42D468C123578EC0002857C1 /* Base */ = {isa = PBXFileReference; lastKnownFileType = file.storyboard; name = Base; path = Base.lproj/LaunchScreen.storyboard; sourceTree = "<group>"; };
		42D468C323578EC0002857C1 /* Info.plist */ = {isa = PBXFileReference; lastKnownFileType = text.plist.xml; path = Info.plist; sourceTree = "<group>"; };
		42DAD2C12368BAB0002AE877 /* NewsModel.swift */ = {isa = PBXFileReference; lastKnownFileType = sourcecode.swift; path = NewsModel.swift; sourceTree = "<group>"; };
		42DAD2C32368C14C002AE877 /* NewsViewController.swift */ = {isa = PBXFileReference; lastKnownFileType = sourcecode.swift; path = NewsViewController.swift; sourceTree = "<group>"; };
		42DAD2C52368C448002AE877 /* NetworkNewsFetcher.swift */ = {isa = PBXFileReference; lastKnownFileType = sourcecode.swift; path = NetworkNewsFetcher.swift; sourceTree = "<group>"; };
		42F1FF58236A269D00E20845 /* NewsFeedTableViewCell.swift */ = {isa = PBXFileReference; lastKnownFileType = sourcecode.swift; path = NewsFeedTableViewCell.swift; sourceTree = "<group>"; };
		6B666E4000DE30BD3EBCCA3E /* Pods-AnimateTest.release.xcconfig */ = {isa = PBXFileReference; includeInIndex = 1; lastKnownFileType = text.xcconfig; name = "Pods-AnimateTest.release.xcconfig"; path = "Target Support Files/Pods-AnimateTest/Pods-AnimateTest.release.xcconfig"; sourceTree = "<group>"; };
		A79C5C54CC0F32CB21B82980 /* Pods-AnimateTest.debug.xcconfig */ = {isa = PBXFileReference; includeInIndex = 1; lastKnownFileType = text.xcconfig; name = "Pods-AnimateTest.debug.xcconfig"; path = "Target Support Files/Pods-AnimateTest/Pods-AnimateTest.debug.xcconfig"; sourceTree = "<group>"; };
/* End PBXFileReference section */

/* Begin PBXFrameworksBuildPhase section */
		42D468AF23578EBE002857C1 /* Frameworks */ = {
			isa = PBXFrameworksBuildPhase;
			buildActionMask = 2147483647;
			files = (
				7B6549A327469247E08B297F /* Pods_AnimateTest.framework in Frameworks */,
			);
			runOnlyForDeploymentPostprocessing = 0;
		};
/* End PBXFrameworksBuildPhase section */

/* Begin PBXGroup section */
		3581A00579518A115D7CE816 /* Frameworks */ = {
			isa = PBXGroup;
			children = (
				101C34AA762419ECFAA59AC8 /* Pods_AnimateTest.framework */,
			);
			name = Frameworks;
			sourceTree = "<group>";
		};
		42D468A923578EBE002857C1 = {
			isa = PBXGroup;
			children = (
				42D468B423578EBE002857C1 /* AnimateTest */,
				42D468B323578EBE002857C1 /* Products */,
				DFD97A976AB3C5735A0ECD38 /* Pods */,
				3581A00579518A115D7CE816 /* Frameworks */,
			);
			sourceTree = "<group>";
		};
		42D468B323578EBE002857C1 /* Products */ = {
			isa = PBXGroup;
			children = (
				42D468B223578EBE002857C1 /* AnimateTest.app */,
			);
			name = Products;
			sourceTree = "<group>";
		};
		42D468B423578EBE002857C1 /* AnimateTest */ = {
			isa = PBXGroup;
			children = (
				42DAD2BF2368B89E002AE877 /* Models */,
				42F1FF57236A214C00E20845 /* Views */,
				42DAD2C02368B8B7002AE877 /* Controlers */,
				42DAD2BE2368B886002AE877 /* Network Services */,
				42D468B523578EBE002857C1 /* AppDelegate.swift */,
				42D468B723578EBE002857C1 /* SceneDelegate.swift */,
				42D468BB23578EBE002857C1 /* Main.storyboard */,
				42D468BE23578EC0002857C1 /* Assets.xcassets */,
				42D468C023578EC0002857C1 /* LaunchScreen.storyboard */,
				42D468C323578EC0002857C1 /* Info.plist */,
			);
			path = AnimateTest;
			sourceTree = "<group>";
		};
		42DAD2BE2368B886002AE877 /* Network Services */ = {
			isa = PBXGroup;
			children = (
				42CD8C91235F756F00134C95 /* NetworkService.swift */,
				42CD8C93235F7BFA00134C95 /* NetworkPlayersFetcher.swift */,
				42DAD2C52368C448002AE877 /* NetworkNewsFetcher.swift */,
			);
			path = "Network Services";
			sourceTree = "<group>";
		};
		42DAD2BF2368B89E002AE877 /* Models */ = {
			isa = PBXGroup;
			children = (
				42CD8C8F235F748000134C95 /* PlayersModel.swift */,
				42DAD2C12368BAB0002AE877 /* NewsModel.swift */,
			);
			path = Models;
			sourceTree = "<group>";
		};
		42DAD2C02368B8B7002AE877 /* Controlers */ = {
			isa = PBXGroup;
			children = (
				42D468B923578EBE002857C1 /* ViewController.swift */,
				42D3FBED2360CDFC004A3EE1 /* PlayerDetailTableViewController.swift */,
				42DAD2C32368C14C002AE877 /* NewsViewController.swift */,
			);
			path = Controlers;
			sourceTree = "<group>";
		};
		42F1FF57236A214C00E20845 /* Views */ = {
			isa = PBXGroup;
			children = (
				42F1FF58236A269D00E20845 /* NewsFeedTableViewCell.swift */,
			);
			path = Views;
			sourceTree = "<group>";
		};
		DFD97A976AB3C5735A0ECD38 /* Pods */ = {
			isa = PBXGroup;
			children = (
				A79C5C54CC0F32CB21B82980 /* Pods-AnimateTest.debug.xcconfig */,
				6B666E4000DE30BD3EBCCA3E /* Pods-AnimateTest.release.xcconfig */,
			);
			name = Pods;
			path = Pods;
			sourceTree = "<group>";
		};
/* End PBXGroup section */

/* Begin PBXNativeTarget section */
		42D468B123578EBE002857C1 /* AnimateTest */ = {
			isa = PBXNativeTarget;
			buildConfigurationList = 42D468C623578EC0002857C1 /* Build configuration list for PBXNativeTarget "AnimateTest" */;
			buildPhases = (
				C87BAC5B0F0F0F9447DA0043 /* [CP] Check Pods Manifest.lock */,
				42D468AE23578EBE002857C1 /* Sources */,
				42D468AF23578EBE002857C1 /* Frameworks */,
				42D468B023578EBE002857C1 /* Resources */,
				665B5CC542B5F2AE851DF637 /* [CP] Embed Pods Frameworks */,
			);
			buildRules = (
			);
			dependencies = (
			);
			name = AnimateTest;
			productName = AnimateTest;
			productReference = 42D468B223578EBE002857C1 /* AnimateTest.app */;
			productType = "com.apple.product-type.application";
		};
/* End PBXNativeTarget section */

/* Begin PBXProject section */
		42D468AA23578EBE002857C1 /* Project object */ = {
			isa = PBXProject;
			attributes = {
				LastSwiftUpdateCheck = 1100;
				LastUpgradeCheck = 1100;
				ORGANIZATIONNAME = "Roman Efimov";
				TargetAttributes = {
					42D468B123578EBE002857C1 = {
						CreatedOnToolsVersion = 11.0;
					};
				};
			};
			buildConfigurationList = 42D468AD23578EBE002857C1 /* Build configuration list for PBXProject "AnimateTest" */;
			compatibilityVersion = "Xcode 9.3";
			developmentRegion = en;
			hasScannedForEncodings = 0;
			knownRegions = (
				en,
				Base,
			);
			mainGroup = 42D468A923578EBE002857C1;
			productRefGroup = 42D468B323578EBE002857C1 /* Products */;
			projectDirPath = "";
			projectRoot = "";
			targets = (
				42D468B123578EBE002857C1 /* AnimateTest */,
			);
		};
/* End PBXProject section */

/* Begin PBXResourcesBuildPhase section */
		42D468B023578EBE002857C1 /* Resources */ = {
			isa = PBXResourcesBuildPhase;
			buildActionMask = 2147483647;
			files = (
				42D468C223578EC0002857C1 /* LaunchScreen.storyboard in Resources */,
				42D468BF23578EC0002857C1 /* Assets.xcassets in Resources */,
				42D468BD23578EBE002857C1 /* Main.storyboard in Resources */,
			);
			runOnlyForDeploymentPostprocessing = 0;
		};
/* End PBXResourcesBuildPhase section */

/* Begin PBXShellScriptBuildPhase section */
		665B5CC542B5F2AE851DF637 /* [CP] Embed Pods Frameworks */ = {
			isa = PBXShellScriptBuildPhase;
			buildActionMask = 2147483647;
			files = (
			);
			inputFileListPaths = (
			);
			inputPaths = (
				"${PODS_ROOT}/Target Support Files/Pods-AnimateTest/Pods-AnimateTest-frameworks.sh",
				"${BUILT_PRODUCTS_DIR}/SDWebImage/SDWebImage.framework",
			);
			name = "[CP] Embed Pods Frameworks";
			outputFileListPaths = (
			);
			outputPaths = (
				"${TARGET_BUILD_DIR}/${FRAMEWORKS_FOLDER_PATH}/SDWebImage.framework",
			);
			runOnlyForDeploymentPostprocessing = 0;
			shellPath = /bin/sh;
			shellScript = "\"${PODS_ROOT}/Target Support Files/Pods-AnimateTest/Pods-AnimateTest-frameworks.sh\"\n";
			showEnvVarsInLog = 0;
		};
		C87BAC5B0F0F0F9447DA0043 /* [CP] Check Pods Manifest.lock */ = {
			isa = PBXShellScriptBuildPhase;
			buildActionMask = 2147483647;
			files = (
			);
			inputFileListPaths = (
			);
			inputPaths = (
				"${PODS_PODFILE_DIR_PATH}/Podfile.lock",
				"${PODS_ROOT}/Manifest.lock",
			);
			name = "[CP] Check Pods Manifest.lock";
			outputFileListPaths = (
			);
			outputPaths = (
				"$(DERIVED_FILE_DIR)/Pods-AnimateTest-checkManifestLockResult.txt",
			);
			runOnlyForDeploymentPostprocessing = 0;
			shellPath = /bin/sh;
			shellScript = "diff \"${PODS_PODFILE_DIR_PATH}/Podfile.lock\" \"${PODS_ROOT}/Manifest.lock\" > /dev/null\nif [ $? != 0 ] ; then\n    # print error to STDERR\n    echo \"error: The sandbox is not in sync with the Podfile.lock. Run 'pod install' or update your CocoaPods installation.\" >&2\n    exit 1\nfi\n# This output is used by Xcode 'outputs' to avoid re-running this script phase.\necho \"SUCCESS\" > \"${SCRIPT_OUTPUT_FILE_0}\"\n";
			showEnvVarsInLog = 0;
		};
/* End PBXShellScriptBuildPhase section */

/* Begin PBXSourcesBuildPhase section */
		42D468AE23578EBE002857C1 /* Sources */ = {
			isa = PBXSourcesBuildPhase;
			buildActionMask = 2147483647;
			files = (
				42DAD2C22368BAB0002AE877 /* NewsModel.swift in Sources */,
				42CD8C92235F756F00134C95 /* NetworkService.swift in Sources */,
				42D468BA23578EBE002857C1 /* ViewController.swift in Sources */,
				42DAD2C62368C448002AE877 /* NetworkNewsFetcher.swift in Sources */,
				42F1FF59236A269D00E20845 /* NewsFeedTableViewCell.swift in Sources */,
				42D468B623578EBE002857C1 /* AppDelegate.swift in Sources */,
				42CD8C90235F748000134C95 /* PlayersModel.swift in Sources */,
				42CD8C94235F7BFA00134C95 /* NetworkPlayersFetcher.swift in Sources */,
				42DAD2C42368C14C002AE877 /* NewsViewController.swift in Sources */,
				42D3FBEE2360CDFC004A3EE1 /* PlayerDetailTableViewController.swift in Sources */,
				42D468B823578EBE002857C1 /* SceneDelegate.swift in Sources */,
			);
			runOnlyForDeploymentPostprocessing = 0;
		};
/* End PBXSourcesBuildPhase section */

/* Begin PBXVariantGroup section */
		42D468BB23578EBE002857C1 /* Main.storyboard */ = {
			isa = PBXVariantGroup;
			children = (
				42D468BC23578EBE002857C1 /* Base */,
			);
			name = Main.storyboard;
			sourceTree = "<group>";
		};
		42D468C023578EC0002857C1 /* LaunchScreen.storyboard */ = {
			isa = PBXVariantGroup;
			children = (
				42D468C123578EC0002857C1 /* Base */,
			);
			name = LaunchScreen.storyboard;
			sourceTree = "<group>";
		};
/* End PBXVariantGroup section */

/* Begin XCBuildConfiguration section */
		42D468C423578EC0002857C1 /* Debug */ = {
			isa = XCBuildConfiguration;
			buildSettings = {
				ALWAYS_SEARCH_USER_PATHS = NO;
				CLANG_ANALYZER_NONNULL = YES;
				CLANG_ANALYZER_NUMBER_OBJECT_CONVERSION = YES_AGGRESSIVE;
				CLANG_CXX_LANGUAGE_STANDARD = "gnu++14";
				CLANG_CXX_LIBRARY = "libc++";
				CLANG_ENABLE_MODULES = YES;
				CLANG_ENABLE_OBJC_ARC = YES;
				CLANG_ENABLE_OBJC_WEAK = YES;
				CLANG_WARN_BLOCK_CAPTURE_AUTORELEASING = YES;
				CLANG_WARN_BOOL_CONVERSION = YES;
				CLANG_WARN_COMMA = YES;
				CLANG_WARN_CONSTANT_CONVERSION = YES;
				CLANG_WARN_DEPRECATED_OBJC_IMPLEMENTATIONS = YES;
				CLANG_WARN_DIRECT_OBJC_ISA_USAGE = YES_ERROR;
				CLANG_WARN_DOCUMENTATION_COMMENTS = YES;
				CLANG_WARN_EMPTY_BODY = YES;
				CLANG_WARN_ENUM_CONVERSION = YES;
				CLANG_WARN_INFINITE_RECURSION = YES;
				CLANG_WARN_INT_CONVERSION = YES;
				CLANG_WARN_NON_LITERAL_NULL_CONVERSION = YES;
				CLANG_WARN_OBJC_IMPLICIT_RETAIN_SELF = YES;
				CLANG_WARN_OBJC_LITERAL_CONVERSION = YES;
				CLANG_WARN_OBJC_ROOT_CLASS = YES_ERROR;
				CLANG_WARN_RANGE_LOOP_ANALYSIS = YES;
				CLANG_WARN_STRICT_PROTOTYPES = YES;
				CLANG_WARN_SUSPICIOUS_MOVE = YES;
				CLANG_WARN_UNGUARDED_AVAILABILITY = YES_AGGRESSIVE;
				CLANG_WARN_UNREACHABLE_CODE = YES;
				CLANG_WARN__DUPLICATE_METHOD_MATCH = YES;
				COPY_PHASE_STRIP = NO;
				DEBUG_INFORMATION_FORMAT = dwarf;
				ENABLE_STRICT_OBJC_MSGSEND = YES;
				ENABLE_TESTABILITY = YES;
				GCC_C_LANGUAGE_STANDARD = gnu11;
				GCC_DYNAMIC_NO_PIC = NO;
				GCC_NO_COMMON_BLOCKS = YES;
				GCC_OPTIMIZATION_LEVEL = 0;
				GCC_PREPROCESSOR_DEFINITIONS = (
					"DEBUG=1",
					"$(inherited)",
				);
				GCC_WARN_64_TO_32_BIT_CONVERSION = YES;
				GCC_WARN_ABOUT_RETURN_TYPE = YES_ERROR;
				GCC_WARN_UNDECLARED_SELECTOR = YES;
				GCC_WARN_UNINITIALIZED_AUTOS = YES_AGGRESSIVE;
				GCC_WARN_UNUSED_FUNCTION = YES;
				GCC_WARN_UNUSED_VARIABLE = YES;
				IPHONEOS_DEPLOYMENT_TARGET = 13.0;
				MTL_ENABLE_DEBUG_INFO = INCLUDE_SOURCE;
				MTL_FAST_MATH = YES;
				ONLY_ACTIVE_ARCH = YES;
				SDKROOT = iphoneos;
				SWIFT_ACTIVE_COMPILATION_CONDITIONS = DEBUG;
				SWIFT_OPTIMIZATION_LEVEL = "-Onone";
			};
			name = Debug;
		};
		42D468C523578EC0002857C1 /* Release */ = {
			isa = XCBuildConfiguration;
			buildSettings = {
				ALWAYS_SEARCH_USER_PATHS = NO;
				CLANG_ANALYZER_NONNULL = YES;
				CLANG_ANALYZER_NUMBER_OBJECT_CONVERSION = YES_AGGRESSIVE;
				CLANG_CXX_LANGUAGE_STANDARD = "gnu++14";
				CLANG_CXX_LIBRARY = "libc++";
				CLANG_ENABLE_MODULES = YES;
				CLANG_ENABLE_OBJC_ARC = YES;
				CLANG_ENABLE_OBJC_WEAK = YES;
				CLANG_WARN_BLOCK_CAPTURE_AUTORELEASING = YES;
				CLANG_WARN_BOOL_CONVERSION = YES;
				CLANG_WARN_COMMA = YES;
				CLANG_WARN_CONSTANT_CONVERSION = YES;
				CLANG_WARN_DEPRECATED_OBJC_IMPLEMENTATIONS = YES;
				CLANG_WARN_DIRECT_OBJC_ISA_USAGE = YES_ERROR;
				CLANG_WARN_DOCUMENTATION_COMMENTS = YES;
				CLANG_WARN_EMPTY_BODY = YES;
				CLANG_WARN_ENUM_CONVERSION = YES;
				CLANG_WARN_INFINITE_RECURSION = YES;
				CLANG_WARN_INT_CONVERSION = YES;
				CLANG_WARN_NON_LITERAL_NULL_CONVERSION = YES;
				CLANG_WARN_OBJC_IMPLICIT_RETAIN_SELF = YES;
				CLANG_WARN_OBJC_LITERAL_CONVERSION = YES;
				CLANG_WARN_OBJC_ROOT_CLASS = YES_ERROR;
				CLANG_WARN_RANGE_LOOP_ANALYSIS = YES;
				CLANG_WARN_STRICT_PROTOTYPES = YES;
				CLANG_WARN_SUSPICIOUS_MOVE = YES;
				CLANG_WARN_UNGUARDED_AVAILABILITY = YES_AGGRESSIVE;
				CLANG_WARN_UNREACHABLE_CODE = YES;
				CLANG_WARN__DUPLICATE_METHOD_MATCH = YES;
				COPY_PHASE_STRIP = NO;
				DEBUG_INFORMATION_FORMAT = "dwarf-with-dsym";
				ENABLE_NS_ASSERTIONS = NO;
				ENABLE_STRICT_OBJC_MSGSEND = YES;
				GCC_C_LANGUAGE_STANDARD = gnu11;
				GCC_NO_COMMON_BLOCKS = YES;
				GCC_WARN_64_TO_32_BIT_CONVERSION = YES;
				GCC_WARN_ABOUT_RETURN_TYPE = YES_ERROR;
				GCC_WARN_UNDECLARED_SELECTOR = YES;
				GCC_WARN_UNINITIALIZED_AUTOS = YES_AGGRESSIVE;
				GCC_WARN_UNUSED_FUNCTION = YES;
				GCC_WARN_UNUSED_VARIABLE = YES;
				IPHONEOS_DEPLOYMENT_TARGET = 13.0;
				MTL_ENABLE_DEBUG_INFO = NO;
				MTL_FAST_MATH = YES;
				SDKROOT = iphoneos;
				SWIFT_COMPILATION_MODE = wholemodule;
				SWIFT_OPTIMIZATION_LEVEL = "-O";
				VALIDATE_PRODUCT = YES;
			};
			name = Release;
		};
		42D468C723578EC0002857C1 /* Debug */ = {
			isa = XCBuildConfiguration;
			baseConfigurationReference = A79C5C54CC0F32CB21B82980 /* Pods-AnimateTest.debug.xcconfig */;
			buildSettings = {
				ASSETCATALOG_COMPILER_APPICON_NAME = AppIcon;
				CODE_SIGN_STYLE = Automatic;
				DEVELOPMENT_TEAM = 9FT9L8ULP8;
				INFOPLIST_FILE = AnimateTest/Info.plist;
				LD_RUNPATH_SEARCH_PATHS = (
					"$(inherited)",
					"@executable_path/Frameworks",
				);
				PRODUCT_BUNDLE_IDENTIFIER = com.AnimateTest;
				PRODUCT_NAME = "$(TARGET_NAME)";
				SWIFT_VERSION = 5.0;
				TARGETED_DEVICE_FAMILY = "1,2";
			};
			name = Debug;
		};
		42D468C823578EC0002857C1 /* Release */ = {
			isa = XCBuildConfiguration;
			baseConfigurationReference = 6B666E4000DE30BD3EBCCA3E /* Pods-AnimateTest.release.xcconfig */;
			buildSettings = {
				ASSETCATALOG_COMPILER_APPICON_NAME = AppIcon;
				CODE_SIGN_STYLE = Automatic;
				DEVELOPMENT_TEAM = 9FT9L8ULP8;
				INFOPLIST_FILE = AnimateTest/Info.plist;
				LD_RUNPATH_SEARCH_PATHS = (
					"$(inherited)",
					"@executable_path/Frameworks",
				);
				PRODUCT_BUNDLE_IDENTIFIER = com.AnimateTest;
				PRODUCT_NAME = "$(TARGET_NAME)";
				SWIFT_VERSION = 5.0;
				TARGETED_DEVICE_FAMILY = "1,2";
			};
			name = Release;
		};
/* End XCBuildConfiguration section */

/* Begin XCConfigurationList section */
		42D468AD23578EBE002857C1 /* Build configuration list for PBXProject "AnimateTest" */ = {
			isa = XCConfigurationList;
			buildConfigurations = (
				42D468C423578EC0002857C1 /* Debug */,
				42D468C523578EC0002857C1 /* Release */,
			);
			defaultConfigurationIsVisible = 0;
			defaultConfigurationName = Release;
		};
		42D468C623578EC0002857C1 /* Build configuration list for PBXNativeTarget "AnimateTest" */ = {
			isa = XCConfigurationList;
			buildConfigurations = (
				42D468C723578EC0002857C1 /* Debug */,
				42D468C823578EC0002857C1 /* Release */,
			);
			defaultConfigurationIsVisible = 0;
			defaultConfigurationName = Release;
		};
/* End XCConfigurationList section */
	};
	rootObject = 42D468AA23578EBE002857C1 /* Project object */;
}
